// !$*UTF8*$!
{
	archiveVersion = 1;
	classes = {
	};
	objectVersion = 56;
	objects = {

/* Begin PBXBuildFile section */
		B441AED02B03E2DE002177BE /* AppDelegate.swift in Sources */ = {isa = PBXBuildFile; fileRef = B441AECF2B03E2DE002177BE /* AppDelegate.swift */; };
		B441AED22B03E2DE002177BE /* SceneDelegate.swift in Sources */ = {isa = PBXBuildFile; fileRef = B441AED12B03E2DE002177BE /* SceneDelegate.swift */; };
		B441AED42B03E2DE002177BE /* ViewController.swift in Sources */ = {isa = PBXBuildFile; fileRef = B441AED32B03E2DE002177BE /* ViewController.swift */; };
		B441AED72B03E2DE002177BE /* Main.storyboard in Resources */ = {isa = PBXBuildFile; fileRef = B441AED52B03E2DE002177BE /* Main.storyboard */; };
		B441AED92B03E2E1002177BE /* Assets.xcassets in Resources */ = {isa = PBXBuildFile; fileRef = B441AED82B03E2E1002177BE /* Assets.xcassets */; };
		B441AEDC2B03E2E1002177BE /* LaunchScreen.storyboard in Resources */ = {isa = PBXBuildFile; fileRef = B441AEDA2B03E2E1002177BE /* LaunchScreen.storyboard */; };
		B441AEE72B03E2E1002177BE /* Six_Palace_SudokuTests.swift in Sources */ = {isa = PBXBuildFile; fileRef = B441AEE62B03E2E1002177BE /* Six_Palace_SudokuTests.swift */; };
		B441AEF12B03E2E1002177BE /* Six_Palace_SudokuUITests.swift in Sources */ = {isa = PBXBuildFile; fileRef = B441AEF02B03E2E1002177BE /* Six_Palace_SudokuUITests.swift */; };
		B441AEF32B03E2E1002177BE /* Six_Palace_SudokuUITestsLaunchTests.swift in Sources */ = {isa = PBXBuildFile; fileRef = B441AEF22B03E2E1002177BE /* Six_Palace_SudokuUITestsLaunchTests.swift */; };
/* End PBXBuildFile section */

/* Begin PBXContainerItemProxy section */
		B441AEE32B03E2E1002177BE /* PBXContainerItemProxy */ = {
			isa = PBXContainerItemProxy;
			containerPortal = B441AEC42B03E2DE002177BE /* Project object */;
			proxyType = 1;
			remoteGlobalIDString = B441AECB2B03E2DE002177BE;
			remoteInfo = "Six Palace Sudoku";
		};
		B441AEED2B03E2E1002177BE /* PBXContainerItemProxy */ = {
			isa = PBXContainerItemProxy;
			containerPortal = B441AEC42B03E2DE002177BE /* Project object */;
			proxyType = 1;
			remoteGlobalIDString = B441AECB2B03E2DE002177BE;
			remoteInfo = "Six Palace Sudoku";
		};
/* End PBXContainerItemProxy section */

/* Begin PBXFileReference section */
		B441AECC2B03E2DE002177BE /* Six Palace Sudoku.app */ = {isa = PBXFileReference; explicitFileType = wrapper.application; includeInIndex = 0; path = "Six Palace Sudoku.app"; sourceTree = BUILT_PRODUCTS_DIR; };
		B441AECF2B03E2DE002177BE /* AppDelegate.swift */ = {isa = PBXFileReference; lastKnownFileType = sourcecode.swift; path = AppDelegate.swift; sourceTree = "<group>"; };
		B441AED12B03E2DE002177BE /* SceneDelegate.swift */ = {isa = PBXFileReference; lastKnownFileType = sourcecode.swift; path = SceneDelegate.swift; sourceTree = "<group>"; };
		B441AED32B03E2DE002177BE /* ViewController.swift */ = {isa = PBXFileReference; lastKnownFileType = sourcecode.swift; path = ViewController.swift; sourceTree = "<group>"; };
		B441AED62B03E2DE002177BE /* Base */ = {isa = PBXFileReference; lastKnownFileType = file.storyboard; name = Base; path = Base.lproj/Main.storyboard; sourceTree = "<group>"; };
		B441AED82B03E2E1002177BE /* Assets.xcassets */ = {isa = PBXFileReference; lastKnownFileType = folder.assetcatalog; path = Assets.xcassets; sourceTree = "<group>"; };
		B441AEDB2B03E2E1002177BE /* Base */ = {isa = PBXFileReference; lastKnownFileType = file.storyboard; name = Base; path = Base.lproj/LaunchScreen.storyboard; sourceTree = "<group>"; };
		B441AEDD2B03E2E1002177BE /* Info.plist */ = {isa = PBXFileReference; lastKnownFileType = text.plist.xml; path = Info.plist; sourceTree = "<group>"; };
		B441AEE22B03E2E1002177BE /* Six Palace SudokuTests.xctest */ = {isa = PBXFileReference; explicitFileType = wrapper.cfbundle; includeInIndex = 0; path = "Six Palace SudokuTests.xctest"; sourceTree = BUILT_PRODUCTS_DIR; };
		B441AEE62B03E2E1002177BE /* Six_Palace_SudokuTests.swift */ = {isa = PBXFileReference; lastKnownFileType = sourcecode.swift; path = Six_Palace_SudokuTests.swift; sourceTree = "<group>"; };
		B441AEEC2B03E2E1002177BE /* Six Palace SudokuUITests.xctest */ = {isa = PBXFileReference; explicitFileType = wrapper.cfbundle; includeInIndex = 0; path = "Six Palace SudokuUITests.xctest"; sourceTree = BUILT_PRODUCTS_DIR; };
		B441AEF02B03E2E1002177BE /* Six_Palace_SudokuUITests.swift */ = {isa = PBXFileReference; lastKnownFileType = sourcecode.swift; path = Six_Palace_SudokuUITests.swift; sourceTree = "<group>"; };
		B441AEF22B03E2E1002177BE /* Six_Palace_SudokuUITestsLaunchTests.swift */ = {isa = PBXFileReference; lastKnownFileType = sourcecode.swift; path = Six_Palace_SudokuUITestsLaunchTests.swift; sourceTree = "<group>"; };
/* End PBXFileReference section */

/* Begin PBXFrameworksBuildPhase section */
		B441AEC92B03E2DE002177BE /* Frameworks */ = {
			isa = PBXFrameworksBuildPhase;
			buildActionMask = 2147483647;
			files = (
			);
			runOnlyForDeploymentPostprocessing = 0;
		};
		B441AEDF2B03E2E1002177BE /* Frameworks */ = {
			isa = PBXFrameworksBuildPhase;
			buildActionMask = 2147483647;
			files = (
			);
			runOnlyForDeploymentPostprocessing = 0;
		};
		B441AEE92B03E2E1002177BE /* Frameworks */ = {
			isa = PBXFrameworksBuildPhase;
			buildActionMask = 2147483647;
			files = (
			);
			runOnlyForDeploymentPostprocessing = 0;
		};
/* End PBXFrameworksBuildPhase section */

/* Begin PBXGroup section */
		B441AEC32B03E2DE002177BE = {
			isa = PBXGroup;
			children = (
				B441AECE2B03E2DE002177BE /* Six Palace Sudoku */,
				B441AEE52B03E2E1002177BE /* Six Palace SudokuTests */,
				B441AEEF2B03E2E1002177BE /* Six Palace SudokuUITests */,
				B441AECD2B03E2DE002177BE /* Products */,
			);
			sourceTree = "<group>";
		};
		B441AECD2B03E2DE002177BE /* Products */ = {
			isa = PBXGroup;
			children = (
				B441AECC2B03E2DE002177BE /* Six Palace Sudoku.app */,
				B441AEE22B03E2E1002177BE /* Six Palace SudokuTests.xctest */,
				B441AEEC2B03E2E1002177BE /* Six Palace SudokuUITests.xctest */,
			);
			name = Products;
			sourceTree = "<group>";
		};
		B441AECE2B03E2DE002177BE /* Six Palace Sudoku */ = {
			isa = PBXGroup;
			children = (
				B441AECF2B03E2DE002177BE /* AppDelegate.swift */,
				B441AED12B03E2DE002177BE /* SceneDelegate.swift */,
				B441AED32B03E2DE002177BE /* ViewController.swift */,
				B441AED52B03E2DE002177BE /* Main.storyboard */,
				B441AED82B03E2E1002177BE /* Assets.xcassets */,
				B441AEDA2B03E2E1002177BE /* LaunchScreen.storyboard */,
				B441AEDD2B03E2E1002177BE /* Info.plist */,
			);
			path = "Six Palace Sudoku";
			sourceTree = "<group>";
		};
		B441AEE52B03E2E1002177BE /* Six Palace SudokuTests */ = {
			isa = PBXGroup;
			children = (
				B441AEE62B03E2E1002177BE /* Six_Palace_SudokuTests.swift */,
			);
			path = "Six Palace SudokuTests";
			sourceTree = "<group>";
		};
		B441AEEF2B03E2E1002177BE /* Six Palace SudokuUITests */ = {
			isa = PBXGroup;
			children = (
				B441AEF02B03E2E1002177BE /* Six_Palace_SudokuUITests.swift */,
				B441AEF22B03E2E1002177BE /* Six_Palace_SudokuUITestsLaunchTests.swift */,
			);
			path = "Six Palace SudokuUITests";
			sourceTree = "<group>";
		};
/* End PBXGroup section */

/* Begin PBXNativeTarget section */
		B441AECB2B03E2DE002177BE /* Six Palace Sudoku */ = {
			isa = PBXNativeTarget;
			buildConfigurationList = B441AEF62B03E2E1002177BE /* Build configuration list for PBXNativeTarget "Six Palace Sudoku" */;
			buildPhases = (
				B441AEC82B03E2DE002177BE /* Sources */,
				B441AEC92B03E2DE002177BE /* Frameworks */,
				B441AECA2B03E2DE002177BE /* Resources */,
			);
			buildRules = (
			);
			dependencies = (
			);
			name = "Six Palace Sudoku";
			productName = "Six Palace Sudoku";
			productReference = B441AECC2B03E2DE002177BE /* Six Palace Sudoku.app */;
			productType = "com.apple.product-type.application";
		};
		B441AEE12B03E2E1002177BE /* Six Palace SudokuTests */ = {
			isa = PBXNativeTarget;
			buildConfigurationList = B441AEF92B03E2E1002177BE /* Build configuration list for PBXNativeTarget "Six Palace SudokuTests" */;
			buildPhases = (
				B441AEDE2B03E2E1002177BE /* Sources */,
				B441AEDF2B03E2E1002177BE /* Frameworks */,
				B441AEE02B03E2E1002177BE /* Resources */,
			);
			buildRules = (
			);
			dependencies = (
				B441AEE42B03E2E1002177BE /* PBXTargetDependency */,
			);
			name = "Six Palace SudokuTests";
			productName = "Six Palace SudokuTests";
			productReference = B441AEE22B03E2E1002177BE /* Six Palace SudokuTests.xctest */;
			productType = "com.apple.product-type.bundle.unit-test";
		};
		B441AEEB2B03E2E1002177BE /* Six Palace SudokuUITests */ = {
			isa = PBXNativeTarget;
			buildConfigurationList = B441AEFC2B03E2E1002177BE /* Build configuration list for PBXNativeTarget "Six Palace SudokuUITests" */;
			buildPhases = (
				B441AEE82B03E2E1002177BE /* Sources */,
				B441AEE92B03E2E1002177BE /* Frameworks */,
				B441AEEA2B03E2E1002177BE /* Resources */,
			);
			buildRules = (
			);
			dependencies = (
				B441AEEE2B03E2E1002177BE /* PBXTargetDependency */,
			);
			name = "Six Palace SudokuUITests";
			productName = "Six Palace SudokuUITests";
			productReference = B441AEEC2B03E2E1002177BE /* Six Palace SudokuUITests.xctest */;
			productType = "com.apple.product-type.bundle.ui-testing";
		};
/* End PBXNativeTarget section */

/* Begin PBXProject section */
		B441AEC42B03E2DE002177BE /* Project object */ = {
			isa = PBXProject;
			attributes = {
				BuildIndependentTargetsInParallel = 1;
				LastSwiftUpdateCheck = 1500;
				LastUpgradeCheck = 1500;
				TargetAttributes = {
					B441AECB2B03E2DE002177BE = {
						CreatedOnToolsVersion = 15.0.1;
					};
					B441AEE12B03E2E1002177BE = {
						CreatedOnToolsVersion = 15.0.1;
						TestTargetID = B441AECB2B03E2DE002177BE;
					};
					B441AEEB2B03E2E1002177BE = {
						CreatedOnToolsVersion = 15.0.1;
						TestTargetID = B441AECB2B03E2DE002177BE;
					};
				};
			};
			buildConfigurationList = B441AEC72B03E2DE002177BE /* Build configuration list for PBXProject "Six Palace Sudoku" */;
			compatibilityVersion = "Xcode 14.0";
			developmentRegion = en;
			hasScannedForEncodings = 0;
			knownRegions = (
				en,
				Base,
			);
			mainGroup = B441AEC32B03E2DE002177BE;
			productRefGroup = B441AECD2B03E2DE002177BE /* Products */;
			projectDirPath = "";
			projectRoot = "";
			targets = (
				B441AECB2B03E2DE002177BE /* Six Palace Sudoku */,
				B441AEE12B03E2E1002177BE /* Six Palace SudokuTests */,
				B441AEEB2B03E2E1002177BE /* Six Palace SudokuUITests */,
			);
		};
/* End PBXProject section */

/* Begin PBXResourcesBuildPhase section */
		B441AECA2B03E2DE002177BE /* Resources */ = {
			isa = PBXResourcesBuildPhase;
			buildActionMask = 2147483647;
			files = (
				B441AEDC2B03E2E1002177BE /* LaunchScreen.storyboard in Resources */,
				B441AED92B03E2E1002177BE /* Assets.xcassets in Resources */,
				B441AED72B03E2DE002177BE /* Main.storyboard in Resources */,
			);
			runOnlyForDeploymentPostprocessing = 0;
		};
		B441AEE02B03E2E1002177BE /* Resources */ = {
			isa = PBXResourcesBuildPhase;
			buildActionMask = 2147483647;
			files = (
			);
			runOnlyForDeploymentPostprocessing = 0;
		};
		B441AEEA2B03E2E1002177BE /* Resources */ = {
			isa = PBXResourcesBuildPhase;
			buildActionMask = 2147483647;
			files = (
			);
			runOnlyForDeploymentPostprocessing = 0;
		};
/* End PBXResourcesBuildPhase section */

/* Begin PBXSourcesBuildPhase section */
		B441AEC82B03E2DE002177BE /* Sources */ = {
			isa = PBXSourcesBuildPhase;
			buildActionMask = 2147483647;
			files = (
				B441AED42B03E2DE002177BE /* ViewController.swift in Sources */,
				B441AED02B03E2DE002177BE /* AppDelegate.swift in Sources */,
				B441AED22B03E2DE002177BE /* SceneDelegate.swift in Sources */,
			);
			runOnlyForDeploymentPostprocessing = 0;
		};
		B441AEDE2B03E2E1002177BE /* Sources */ = {
			isa = PBXSourcesBuildPhase;
			buildActionMask = 2147483647;
			files = (
				B441AEE72B03E2E1002177BE /* Six_Palace_SudokuTests.swift in Sources */,
			);
			runOnlyForDeploymentPostprocessing = 0;
		};
		B441AEE82B03E2E1002177BE /* Sources */ = {
			isa = PBXSourcesBuildPhase;
			buildActionMask = 2147483647;
			files = (
				B441AEF32B03E2E1002177BE /* Six_Palace_SudokuUITestsLaunchTests.swift in Sources */,
				B441AEF12B03E2E1002177BE /* Six_Palace_SudokuUITests.swift in Sources */,
			);
			runOnlyForDeploymentPostprocessing = 0;
		};
/* End PBXSourcesBuildPhase section */

/* Begin PBXTargetDependency section */
		B441AEE42B03E2E1002177BE /* PBXTargetDependency */ = {
			isa = PBXTargetDependency;
			target = B441AECB2B03E2DE002177BE /* Six Palace Sudoku */;
			targetProxy = B441AEE32B03E2E1002177BE /* PBXContainerItemProxy */;
		};
		B441AEEE2B03E2E1002177BE /* PBXTargetDependency */ = {
			isa = PBXTargetDependency;
			target = B441AECB2B03E2DE002177BE /* Six Palace Sudoku */;
			targetProxy = B441AEED2B03E2E1002177BE /* PBXContainerItemProxy */;
		};
/* End PBXTargetDependency section */

/* Begin PBXVariantGroup section */
		B441AED52B03E2DE002177BE /* Main.storyboard */ = {
			isa = PBXVariantGroup;
			children = (
				B441AED62B03E2DE002177BE /* Base */,
			);
			name = Main.storyboard;
			sourceTree = "<group>";
		};
		B441AEDA2B03E2E1002177BE /* LaunchScreen.storyboard */ = {
			isa = PBXVariantGroup;
			children = (
				B441AEDB2B03E2E1002177BE /* Base */,
			);
			name = LaunchScreen.storyboard;
			sourceTree = "<group>";
		};
/* End PBXVariantGroup section */

/* Begin XCBuildConfiguration section */
		B441AEF42B03E2E1002177BE /* Debug */ = {
			isa = XCBuildConfiguration;
			buildSettings = {
				ALWAYS_SEARCH_USER_PATHS = NO;
				ASSETCATALOG_COMPILER_GENERATE_SWIFT_ASSET_SYMBOL_EXTENSIONS = YES;
				CLANG_ANALYZER_NONNULL = YES;
				CLANG_ANALYZER_NUMBER_OBJECT_CONVERSION = YES_AGGRESSIVE;
				CLANG_CXX_LANGUAGE_STANDARD = "gnu++20";
				CLANG_ENABLE_MODULES = YES;
				CLANG_ENABLE_OBJC_ARC = YES;
				CLANG_ENABLE_OBJC_WEAK = YES;
				CLANG_WARN_BLOCK_CAPTURE_AUTORELEASING = YES;
				CLANG_WARN_BOOL_CONVERSION = YES;
				CLANG_WARN_COMMA = YES;
				CLANG_WARN_CONSTANT_CONVERSION = YES;
				CLANG_WARN_DEPRECATED_OBJC_IMPLEMENTATIONS = YES;
				CLANG_WARN_DIRECT_OBJC_ISA_USAGE = YES_ERROR;
				CLANG_WARN_DOCUMENTATION_COMMENTS = YES;
				CLANG_WARN_EMPTY_BODY = YES;
				CLANG_WARN_ENUM_CONVERSION = YES;
				CLANG_WARN_INFINITE_RECURSION = YES;
				CLANG_WARN_INT_CONVERSION = YES;
				CLANG_WARN_NON_LITERAL_NULL_CONVERSION = YES;
				CLANG_WARN_OBJC_IMPLICIT_RETAIN_SELF = YES;
				CLANG_WARN_OBJC_LITERAL_CONVERSION = YES;
				CLANG_WARN_OBJC_ROOT_CLASS = YES_ERROR;
				CLANG_WARN_QUOTED_INCLUDE_IN_FRAMEWORK_HEADER = YES;
				CLANG_WARN_RANGE_LOOP_ANALYSIS = YES;
				CLANG_WARN_STRICT_PROTOTYPES = YES;
				CLANG_WARN_SUSPICIOUS_MOVE = YES;
				CLANG_WARN_UNGUARDED_AVAILABILITY = YES_AGGRESSIVE;
				CLANG_WARN_UNREACHABLE_CODE = YES;
				CLANG_WARN__DUPLICATE_METHOD_MATCH = YES;
				COPY_PHASE_STRIP = NO;
				DEBUG_INFORMATION_FORMAT = dwarf;
				ENABLE_STRICT_OBJC_MSGSEND = YES;
				ENABLE_TESTABILITY = YES;
				ENABLE_USER_SCRIPT_SANDBOXING = YES;
				GCC_C_LANGUAGE_STANDARD = gnu17;
				GCC_DYNAMIC_NO_PIC = NO;
				GCC_NO_COMMON_BLOCKS = YES;
				GCC_OPTIMIZATION_LEVEL = 0;
				GCC_PREPROCESSOR_DEFINITIONS = (
					"DEBUG=1",
					"$(inherited)",
				);
				GCC_WARN_64_TO_32_BIT_CONVERSION = YES;
				GCC_WARN_ABOUT_RETURN_TYPE = YES_ERROR;
				GCC_WARN_UNDECLARED_SELECTOR = YES;
				GCC_WARN_UNINITIALIZED_AUTOS = YES_AGGRESSIVE;
				GCC_WARN_UNUSED_FUNCTION = YES;
				GCC_WARN_UNUSED_VARIABLE = YES;
				IPHONEOS_DEPLOYMENT_TARGET = 17.0;
				LOCALIZATION_PREFERS_STRING_CATALOGS = YES;
				MTL_ENABLE_DEBUG_INFO = INCLUDE_SOURCE;
				MTL_FAST_MATH = YES;
				ONLY_ACTIVE_ARCH = YES;
				SDKROOT = iphoneos;
				SWIFT_ACTIVE_COMPILATION_CONDITIONS = "DEBUG $(inherited)";
				SWIFT_OPTIMIZATION_LEVEL = "-Onone";
			};
			name = Debug;
		};
		B441AEF52B03E2E1002177BE /* Release */ = {
			isa = XCBuildConfiguration;
			buildSettings = {
				ALWAYS_SEARCH_USER_PATHS = NO;
				ASSETCATALOG_COMPILER_GENERATE_SWIFT_ASSET_SYMBOL_EXTENSIONS = YES;
				CLANG_ANALYZER_NONNULL = YES;
				CLANG_ANALYZER_NUMBER_OBJECT_CONVERSION = YES_AGGRESSIVE;
				CLANG_CXX_LANGUAGE_STANDARD = "gnu++20";
				CLANG_ENABLE_MODULES = YES;
				CLANG_ENABLE_OBJC_ARC = YES;
				CLANG_ENABLE_OBJC_WEAK = YES;
				CLANG_WARN_BLOCK_CAPTURE_AUTORELEASING = YES;
				CLANG_WARN_BOOL_CONVERSION = YES;
				CLANG_WARN_COMMA = YES;
				CLANG_WARN_CONSTANT_CONVERSION = YES;
				CLANG_WARN_DEPRECATED_OBJC_IMPLEMENTATIONS = YES;
				CLANG_WARN_DIRECT_OBJC_ISA_USAGE = YES_ERROR;
				CLANG_WARN_DOCUMENTATION_COMMENTS = YES;
				CLANG_WARN_EMPTY_BODY = YES;
				CLANG_WARN_ENUM_CONVERSION = YES;
				CLANG_WARN_INFINITE_RECURSION = YES;
				CLANG_WARN_INT_CONVERSION = YES;
				CLANG_WARN_NON_LITERAL_NULL_CONVERSION = YES;
				CLANG_WARN_OBJC_IMPLICIT_RETAIN_SELF = YES;
				CLANG_WARN_OBJC_LITERAL_CONVERSION = YES;
				CLANG_WARN_OBJC_ROOT_CLASS = YES_ERROR;
				CLANG_WARN_QUOTED_INCLUDE_IN_FRAMEWORK_HEADER = YES;
				CLANG_WARN_RANGE_LOOP_ANALYSIS = YES;
				CLANG_WARN_STRICT_PROTOTYPES = YES;
				CLANG_WARN_SUSPICIOUS_MOVE = YES;
				CLANG_WARN_UNGUARDED_AVAILABILITY = YES_AGGRESSIVE;
				CLANG_WARN_UNREACHABLE_CODE = YES;
				CLANG_WARN__DUPLICATE_METHOD_MATCH = YES;
				COPY_PHASE_STRIP = NO;
				DEBUG_INFORMATION_FORMAT = "dwarf-with-dsym";
				ENABLE_NS_ASSERTIONS = NO;
				ENABLE_STRICT_OBJC_MSGSEND = YES;
				ENABLE_USER_SCRIPT_SANDBOXING = YES;
				GCC_C_LANGUAGE_STANDARD = gnu17;
				GCC_NO_COMMON_BLOCKS = YES;
				GCC_WARN_64_TO_32_BIT_CONVERSION = YES;
				GCC_WARN_ABOUT_RETURN_TYPE = YES_ERROR;
				GCC_WARN_UNDECLARED_SELECTOR = YES;
				GCC_WARN_UNINITIALIZED_AUTOS = YES_AGGRESSIVE;
				GCC_WARN_UNUSED_FUNCTION = YES;
				GCC_WARN_UNUSED_VARIABLE = YES;
				IPHONEOS_DEPLOYMENT_TARGET = 17.0;
				LOCALIZATION_PREFERS_STRING_CATALOGS = YES;
				MTL_ENABLE_DEBUG_INFO = NO;
				MTL_FAST_MATH = YES;
				SDKROOT = iphoneos;
				SWIFT_COMPILATION_MODE = wholemodule;
				VALIDATE_PRODUCT = YES;
			};
			name = Release;
		};
		B441AEF72B03E2E1002177BE /* Debug */ = {
			isa = XCBuildConfiguration;
			buildSettings = {
				ASSETCATALOG_COMPILER_APPICON_NAME = AppIcon;
				ASSETCATALOG_COMPILER_GLOBAL_ACCENT_COLOR_NAME = AccentColor;
				CODE_SIGN_STYLE = Automatic;
				CURRENT_PROJECT_VERSION = 1;
				GENERATE_INFOPLIST_FILE = YES;
				INFOPLIST_FILE = "Six Palace Sudoku/Info.plist";
				INFOPLIST_KEY_UIApplicationSupportsIndirectInputEvents = YES;
				INFOPLIST_KEY_UILaunchStoryboardName = LaunchScreen;
				INFOPLIST_KEY_UIMainStoryboardFile = Main;
				INFOPLIST_KEY_UISupportedInterfaceOrientations_iPad = "UIInterfaceOrientationPortrait UIInterfaceOrientationPortraitUpsideDown UIInterfaceOrientationLandscapeLeft UIInterfaceOrientationLandscapeRight";
				INFOPLIST_KEY_UISupportedInterfaceOrientations_iPhone = "UIInterfaceOrientationPortrait UIInterfaceOrientationLandscapeLeft UIInterfaceOrientationLandscapeRight";
				LD_RUNPATH_SEARCH_PATHS = (
					"$(inherited)",
					"@executable_path/Frameworks",
				);
				MARKETING_VERSION = 1.0;
				PRODUCT_BUNDLE_IDENTIFIER = "com.dunce.six-palace-sudoku.Six-Palace-Sudoku";
				PRODUCT_NAME = "$(TARGET_NAME)";
				SWIFT_EMIT_LOC_STRINGS = YES;
				SWIFT_VERSION = 5.0;
				TARGETED_DEVICE_FAMILY = "1,2";
			};
			name = Debug;
		};
		B441AEF82B03E2E1002177BE /* Release */ = {
			isa = XCBuildConfiguration;
			buildSettings = {
				ASSETCATALOG_COMPILER_APPICON_NAME = AppIcon;
				ASSETCATALOG_COMPILER_GLOBAL_ACCENT_COLOR_NAME = AccentColor;
				CODE_SIGN_STYLE = Automatic;
				CURRENT_PROJECT_VERSION = 1;
				GENERATE_INFOPLIST_FILE = YES;
				INFOPLIST_FILE = "Six Palace Sudoku/Info.plist";
				INFOPLIST_KEY_UIApplicationSupportsIndirectInputEvents = YES;
				INFOPLIST_KEY_UILaunchStoryboardName = LaunchScreen;
				INFOPLIST_KEY_UIMainStoryboardFile = Main;
				INFOPLIST_KEY_UISupportedInterfaceOrientations_iPad = "UIInterfaceOrientationPortrait UIInterfaceOrientationPortraitUpsideDown UIInterfaceOrientationLandscapeLeft UIInterfaceOrientationLandscapeRight";
				INFOPLIST_KEY_UISupportedInterfaceOrientations_iPhone = "UIInterfaceOrientationPortrait UIInterfaceOrientationLandscapeLeft UIInterfaceOrientationLandscapeRight";
				LD_RUNPATH_SEARCH_PATHS = (
					"$(inherited)",
					"@executable_path/Frameworks",
				);
				MARKETING_VERSION = 1.0;
				PRODUCT_BUNDLE_IDENTIFIER = "com.dunce.six-palace-sudoku.Six-Palace-Sudoku";
				PRODUCT_NAME = "$(TARGET_NAME)";
				SWIFT_EMIT_LOC_STRINGS = YES;
				SWIFT_VERSION = 5.0;
				TARGETED_DEVICE_FAMILY = "1,2";
			};
			name = Release;
		};
		B441AEFA2B03E2E1002177BE /* Debug */ = {
			isa = XCBuildConfiguration;
			buildSettings = {
				ALWAYS_EMBED_SWIFT_STANDARD_LIBRARIES = YES;
				BUNDLE_LOADER = "$(TEST_HOST)";
				CODE_SIGN_STYLE = Automatic;
				CURRENT_PROJECT_VERSION = 1;
				GENERATE_INFOPLIST_FILE = YES;
				IPHONEOS_DEPLOYMENT_TARGET = 17.0;
				MARKETING_VERSION = 1.0;
				PRODUCT_BUNDLE_IDENTIFIER = "com.dunce.six-palace-sudoku.Six-Palace-SudokuTests";
				PRODUCT_NAME = "$(TARGET_NAME)";
				SWIFT_EMIT_LOC_STRINGS = NO;
				SWIFT_VERSION = 5.0;
				TARGETED_DEVICE_FAMILY = "1,2";
				TEST_HOST = "$(BUILT_PRODUCTS_DIR)/Six Palace Sudoku.app/$(BUNDLE_EXECUTABLE_FOLDER_PATH)/Six Palace Sudoku";
			};
			name = Debug;
		};
		B441AEFB2B03E2E1002177BE /* Release */ = {
			isa = XCBuildConfiguration;
			buildSettings = {
				ALWAYS_EMBED_SWIFT_STANDARD_LIBRARIES = YES;
				BUNDLE_LOADER = "$(TEST_HOST)";
				CODE_SIGN_STYLE = Automatic;
				CURRENT_PROJECT_VERSION = 1;
				GENERATE_INFOPLIST_FILE = YES;
				IPHONEOS_DEPLOYMENT_TARGET = 17.0;
				MARKETING_VERSION = 1.0;
				PRODUCT_BUNDLE_IDENTIFIER = "com.dunce.six-palace-sudoku.Six-Palace-SudokuTests";
				PRODUCT_NAME = "$(TARGET_NAME)";
				SWIFT_EMIT_LOC_STRINGS = NO;
				SWIFT_VERSION = 5.0;
				TARGETED_DEVICE_FAMILY = "1,2";
				TEST_HOST = "$(BUILT_PRODUCTS_DIR)/Six Palace Sudoku.app/$(BUNDLE_EXECUTABLE_FOLDER_PATH)/Six Palace Sudoku";
			};
			name = Release;
		};
		B441AEFD2B03E2E1002177BE /* Debug */ = {
			isa = XCBuildConfiguration;
			buildSettings = {
				ALWAYS_EMBED_SWIFT_STANDARD_LIBRARIES = YES;
				CODE_SIGN_STYLE = Automatic;
				CURRENT_PROJECT_VERSION = 1;
				GENERATE_INFOPLIST_FILE = YES;
				MARKETING_VERSION = 1.0;
				PRODUCT_BUNDLE_IDENTIFIER = "com.dunce.six-palace-sudoku.Six-Palace-SudokuUITests";
				PRODUCT_NAME = "$(TARGET_NAME)";
				SWIFT_EMIT_LOC_STRINGS = NO;
				SWIFT_VERSION = 5.0;
				TARGETED_DEVICE_FAMILY = "1,2";
				TEST_TARGET_NAME = "Six Palace Sudoku";
			};
			name = Debug;
		};
		B441AEFE2B03E2E1002177BE /* Release */ = {
			isa = XCBuildConfiguration;
			buildSettings = {
				ALWAYS_EMBED_SWIFT_STANDARD_LIBRARIES = YES;
				CODE_SIGN_STYLE = Automatic;
				CURRENT_PROJECT_VERSION = 1;
				GENERATE_INFOPLIST_FILE = YES;
				MARKETING_VERSION = 1.0;
				PRODUCT_BUNDLE_IDENTIFIER = "com.dunce.six-palace-sudoku.Six-Palace-SudokuUITests";
				PRODUCT_NAME = "$(TARGET_NAME)";
				SWIFT_EMIT_LOC_STRINGS = NO;
				SWIFT_VERSION = 5.0;
				TARGETED_DEVICE_FAMILY = "1,2";
				TEST_TARGET_NAME = "Six Palace Sudoku";
			};
			name = Release;
		};
/* End XCBuildConfiguration section */

/* Begin XCConfigurationList section */
		B441AEC72B03E2DE002177BE /* Build configuration list for PBXProject "Six Palace Sudoku" */ = {
			isa = XCConfigurationList;
			buildConfigurations = (
				B441AEF42B03E2E1002177BE /* Debug */,
				B441AEF52B03E2E1002177BE /* Release */,
			);
			defaultConfigurationIsVisible = 0;
			defaultConfigurationName = Release;
		};
		B441AEF62B03E2E1002177BE /* Build configuration list for PBXNativeTarget "Six Palace Sudoku" */ = {
			isa = XCConfigurationList;
			buildConfigurations = (
				B441AEF72B03E2E1002177BE /* Debug */,
				B441AEF82B03E2E1002177BE /* Release */,
			);
			defaultConfigurationIsVisible = 0;
			defaultConfigurationName = Release;
		};
		B441AEF92B03E2E1002177BE /* Build configuration list for PBXNativeTarget "Six Palace SudokuTests" */ = {
			isa = XCConfigurationList;
			buildConfigurations = (
				B441AEFA2B03E2E1002177BE /* Debug */,
				B441AEFB2B03E2E1002177BE /* Release */,
			);
			defaultConfigurationIsVisible = 0;
			defaultConfigurationName = Release;
		};
		B441AEFC2B03E2E1002177BE /* Build configuration list for PBXNativeTarget "Six Palace SudokuUITests" */ = {
			isa = XCConfigurationList;
			buildConfigurations = (
				B441AEFD2B03E2E1002177BE /* Debug */,
				B441AEFE2B03E2E1002177BE /* Release */,
			);
			defaultConfigurationIsVisible = 0;
			defaultConfigurationName = Release;
		};
/* End XCConfigurationList section */
	};
	rootObject = B441AEC42B03E2DE002177BE /* Project object */;
}
